// !$*UTF8*$!
{
	archiveVersion = 1;
	classes = {
	};
	objectVersion = 56;
	objects = {

/* Begin PBXBuildFile section */
		AA43DC852F48B91400D4FF6C /* route.gpx in Resources */ = {isa = PBXBuildFile; fileRef = AA43DC842F48B91400D4FF6C /* route.gpx */; };
		AAF56EFC2F4417290062BA2E /* AppDelegate.swift in Sources */ = {isa = PBXBuildFile; fileRef = AAF56EFB2F4417290062BA2E /* AppDelegate.swift */; };
		AAF56EFE2F44172A0062BA2E /* SceneDelegate.swift in Sources */ = {isa = PBXBuildFile; fileRef = AAF56EFD2F44172A0062BA2E /* SceneDelegate.swift */; };
		AAF56F002F44172A0062BA2E /* ViewController.swift in Sources */ = {isa = PBXBuildFile; fileRef = AAF56EFF2F44172A0062BA2E /* ViewController.swift */; };
		AAF56F032F44172A0062BA2E /* me.storyboard in Resources */ = {isa = PBXBuildFile; fileRef = AAF56F012F44172A0062BA2E /* me.storyboard */; };
		AAF56F052F44174D0062BA2E /* Assets.xcassets in Resources */ = {isa = PBXBuildFile; fileRef = AAF56F042F44174D0062BA2E /* Assets.xcassets */; };
		AAF56F082F44174E0062BA2E /* LaunchScreen.storyboard in Resources */ = {isa = PBXBuildFile; fileRef = AAF56F062F44174E0062BA2E /* LaunchScreen.storyboard */; };
		AAF56F102F44193C0062BA2E /* LocationManager.swift in Sources */ = {isa = PBXBuildFile; fileRef = AAF56F0F2F44193C0062BA2E /* LocationManager.swift */; };
		AAF56F122F44D0430062BA2E /* Stations.csv in Resources */ = {isa = PBXBuildFile; fileRef = AAF56F112F44D0360062BA2E /* Stations.csv */; };
		AAF56F142F44D1620062BA2E /* AirportManager.swift in Sources */ = {isa = PBXBuildFile; fileRef = AAF56F132F44D1620062BA2E /* AirportManager.swift */; };
		AAF56F162F4509270062BA2E /* WeatherManager.swift in Sources */ = {isa = PBXBuildFile; fileRef = AAF56F152F4509260062BA2E /* WeatherManager.swift */; };
		AAF56F1A2F469A280062BA2E /* OptionsViewController.swift in Sources */ = {isa = PBXBuildFile; fileRef = AAF56F192F469A270062BA2E /* OptionsViewController.swift */; };
/* End PBXBuildFile section */

/* Begin PBXFileReference section */
		AA43DC842F48B91400D4FF6C /* route.gpx */ = {isa = PBXFileReference; lastKnownFileType = text.xml; name = route.gpx; path = DMMSAlerts/route.gpx; sourceTree = "<group>"; };
		AAF56EF82F4417290062BA2E /* DMMSAlerts.app */ = {isa = PBXFileReference; explicitFileType = wrapper.application; includeInIndex = 0; path = DMMSAlerts.app; sourceTree = BUILT_PRODUCTS_DIR; };
		AAF56EFB2F4417290062BA2E /* AppDelegate.swift */ = {isa = PBXFileReference; lastKnownFileType = sourcecode.swift; path = AppDelegate.swift; sourceTree = "<group>"; };
		AAF56EFD2F44172A0062BA2E /* SceneDelegate.swift */ = {isa = PBXFileReference; lastKnownFileType = sourcecode.swift; path = SceneDelegate.swift; sourceTree = "<group>"; };
		AAF56EFF2F44172A0062BA2E /* ViewController.swift */ = {isa = PBXFileReference; lastKnownFileType = sourcecode.swift; path = ViewController.swift; sourceTree = "<group>"; };
		AAF56F022F44172A0062BA2E /* Base */ = {isa = PBXFileReference; lastKnownFileType = file.storyboard; name = Base; path = Base.lproj/me.storyboard; sourceTree = "<group>"; };
		AAF56F042F44174D0062BA2E /* Assets.xcassets */ = {isa = PBXFileReference; lastKnownFileType = folder.assetcatalog; path = Assets.xcassets; sourceTree = "<group>"; };
		AAF56F072F44174E0062BA2E /* Base */ = {isa = PBXFileReference; lastKnownFileType = file.storyboard; name = Base; path = Base.lproj/LaunchScreen.storyboard; sourceTree = "<group>"; };
		AAF56F092F44174E0062BA2E /* Info.plist */ = {isa = PBXFileReference; lastKnownFileType = text.plist.xml; path = Info.plist; sourceTree = "<group>"; };
		AAF56F0F2F44193C0062BA2E /* LocationManager.swift */ = {isa = PBXFileReference; lastKnownFileType = sourcecode.swift; path = LocationManager.swift; sourceTree = "<group>"; };
		AAF56F112F44D0360062BA2E /* Stations.csv */ = {isa = PBXFileReference; fileEncoding = 4; lastKnownFileType = text; path = Stations.csv; sourceTree = "<group>"; };
		AAF56F132F44D1620062BA2E /* AirportManager.swift */ = {isa = PBXFileReference; lastKnownFileType = sourcecode.swift; path = AirportManager.swift; sourceTree = "<group>"; };
		AAF56F152F4509260062BA2E /* WeatherManager.swift */ = {isa = PBXFileReference; lastKnownFileType = sourcecode.swift; path = WeatherManager.swift; sourceTree = "<group>"; };
		AAF56F192F469A270062BA2E /* OptionsViewController.swift */ = {isa = PBXFileReference; lastKnownFileType = sourcecode.swift; path = OptionsViewController.swift; sourceTree = "<group>"; };
		ROUTE001 /* route */ = {isa = PBXFileReference; lastKnownFileType = public.xml; path = route; sourceTree = "<group>"; };
/* End PBXFileReference section */

/* Begin PBXFrameworksBuildPhase section */
		AAF56EF52F4417290062BA2E /* Frameworks */ = {
			isa = PBXFrameworksBuildPhase;
			buildActionMask = 2147483647;
			files = (
			);
			runOnlyForDeploymentPostprocessing = 0;
		};
/* End PBXFrameworksBuildPhase section */

/* Begin PBXGroup section */
		AAF56EEF2F4417290062BA2E = {
			isa = PBXGroup;
			children = (
				AA43DC842F48B91400D4FF6C /* route.gpx */,
				AAF56F112F44D0360062BA2E /* Stations.csv */,
				AAF56EFA2F4417290062BA2E /* DMMSAlerts */,
				AAF56EF92F4417290062BA2E /* Products */,
			);
			sourceTree = "<group>";
		};
		AAF56EF92F4417290062BA2E /* Products */ = {
			isa = PBXGroup;
			children = (
				AAF56EF82F4417290062BA2E /* DMMSAlerts.app */,
			);
			name = Products;
			sourceTree = "<group>";
		};
		AAF56EFA2F4417290062BA2E /* DMMSAlerts */ = {
			isa = PBXGroup;
			children = (
				AAF56F132F44D1620062BA2E /* AirportManager.swift */,
				AAF56EFB2F4417290062BA2E /* AppDelegate.swift */,
				AAF56EFD2F44172A0062BA2E /* SceneDelegate.swift */,
				AAF56EFF2F44172A0062BA2E /* ViewController.swift */,
				AAF56F012F44172A0062BA2E /* me.storyboard */,
				AAF56F192F469A270062BA2E /* OptionsViewController.swift */,
				AAF56F042F44174D0062BA2E /* Assets.xcassets */,
				AAF56F062F44174E0062BA2E /* LaunchScreen.storyboard */,
				AAF56F092F44174E0062BA2E /* Info.plist */,
				AAF56F0F2F44193C0062BA2E /* LocationManager.swift */,
				ROUTE001 /* route */,
				AAF56F152F4509260062BA2E /* WeatherManager.swift */,
			);
			path = DMMSAlerts;
			sourceTree = "<group>";
		};
/* End PBXGroup section */

/* Begin PBXNativeTarget section */
		AAF56EF72F4417290062BA2E /* DMMSAlerts */ = {
			isa = PBXNativeTarget;
			buildConfigurationList = AAF56F0C2F44174E0062BA2E /* Build configuration list for PBXNativeTarget "DMMSAlerts" */;
			buildPhases = (
				AAF56EF42F4417290062BA2E /* Sources */,
				AAF56EF52F4417290062BA2E /* Frameworks */,
				AAF56EF62F4417290062BA2E /* Resources */,
			);
			buildRules = (
			);
			dependencies = (
			);
			name = DMMSAlerts;
			productName = DMMSAlerts;
			productReference = AAF56EF82F4417290062BA2E /* DMMSAlerts.app */;
			productType = "com.apple.product-type.application";
		};
/* End PBXNativeTarget section */

/* Begin PBXProject section */
		AAF56EF02F4417290062BA2E /* Project object */ = {
			isa = PBXProject;
			attributes = {
				BuildIndependentTargetsInParallel = 1;
				LastSwiftUpdateCheck = 1420;
				LastUpgradeCheck = 1420;
				TargetAttributes = {
					AAF56EF72F4417290062BA2E = {
						CreatedOnToolsVersion = 14.2;
					};
				};
			};
			buildConfigurationList = AAF56EF32F4417290062BA2E /* Build configuration list for PBXProject "DMMSAlerts" */;
			compatibilityVersion = "Xcode 14.0";
			developmentRegion = en;
			hasScannedForEncodings = 0;
			knownRegions = (
				en,
				Base,
			);
			mainGroup = AAF56EEF2F4417290062BA2E;
			productRefGroup = AAF56EF92F4417290062BA2E /* Products */;
			projectDirPath = "";
			projectRoot = "";
			targets = (
				AAF56EF72F4417290062BA2E /* DMMSAlerts */,
			);
		};
/* End PBXProject section */

/* Begin PBXResourcesBuildPhase section */
		AAF56EF62F4417290062BA2E /* Resources */ = {
			isa = PBXResourcesBuildPhase;
			buildActionMask = 2147483647;
			files = (
				AAF56F082F44174E0062BA2E /* LaunchScreen.storyboard in Resources */,
				AAF56F052F44174D0062BA2E /* Assets.xcassets in Resources */,
				AAF56F032F44172A0062BA2E /* me.storyboard in Resources */,
				AAF56F122F44D0430062BA2E /* Stations.csv in Resources */,
				AA43DC852F48B91400D4FF6C /* route.gpx in Resources */,
			);
			runOnlyForDeploymentPostprocessing = 0;
		};
/* End PBXResourcesBuildPhase section */

/* Begin PBXSourcesBuildPhase section */
		AAF56EF42F4417290062BA2E /* Sources */ = {
			isa = PBXSourcesBuildPhase;
			buildActionMask = 2147483647;
			files = (
				AAF56F162F4509270062BA2E /* WeatherManager.swift in Sources */,
				AAF56F1A2F469A280062BA2E /* OptionsViewController.swift in Sources */,
				AAF56F102F44193C0062BA2E /* LocationManager.swift in Sources */,
				AAF56F002F44172A0062BA2E /* ViewController.swift in Sources */,
				AAF56EFC2F4417290062BA2E /* AppDelegate.swift in Sources */,
				AAF56EFE2F44172A0062BA2E /* SceneDelegate.swift in Sources */,
				AAF56F142F44D1620062BA2E /* AirportManager.swift in Sources */,
			);
			runOnlyForDeploymentPostprocessing = 0;
		};
/* End PBXSourcesBuildPhase section */

/* Begin PBXVariantGroup section */
		AAF56F012F44172A0062BA2E /* me.storyboard */ = {
			isa = PBXVariantGroup;
			children = (
				AAF56F022F44172A0062BA2E /* Base */,
			);
			name = me.storyboard;
			sourceTree = "<group>";
		};
		AAF56F062F44174E0062BA2E /* LaunchScreen.storyboard */ = {
			isa = PBXVariantGroup;
			children = (
				AAF56F072F44174E0062BA2E /* Base */,
			);
			name = LaunchScreen.storyboard;
			sourceTree = "<group>";
		};
/* End PBXVariantGroup section */

/* Begin XCBuildConfiguration section */
		AAF56F0A2F44174E0062BA2E /* Debug */ = {
			isa = XCBuildConfiguration;
			buildSettings = {
				ALWAYS_SEARCH_USER_PATHS = NO;
				CLANG_ANALYZER_NONNULL = YES;
				CLANG_ANALYZER_NUMBER_OBJECT_CONVERSION = YES_AGGRESSIVE;
				CLANG_CXX_LANGUAGE_STANDARD = "gnu++20";
				CLANG_ENABLE_MODULES = YES;
				CLANG_ENABLE_OBJC_ARC = YES;
				CLANG_ENABLE_OBJC_WEAK = YES;
				CLANG_WARN_BLOCK_CAPTURE_AUTORELEASING = YES;
				CLANG_WARN_BOOL_CONVERSION = YES;
				CLANG_WARN_COMMA = YES;
				CLANG_WARN_CONSTANT_CONVERSION = YES;
				CLANG_WARN_DEPRECATED_OBJC_IMPLEMENTATIONS = YES;
				CLANG_WARN_DIRECT_OBJC_ISA_USAGE = YES_ERROR;
				CLANG_WARN_DOCUMENTATION_COMMENTS = YES;
				CLANG_WARN_EMPTY_BODY = YES;
				CLANG_WARN_ENUM_CONVERSION = YES;
				CLANG_WARN_INFINITE_RECURSION = YES;
				CLANG_WARN_INT_CONVERSION = YES;
				CLANG_WARN_NON_LITERAL_NULL_CONVERSION = YES;
				CLANG_WARN_OBJC_IMPLICIT_RETAIN_SELF = YES;
				CLANG_WARN_OBJC_LITERAL_CONVERSION = YES;
				CLANG_WARN_OBJC_ROOT_CLASS = YES_ERROR;
				CLANG_WARN_QUOTED_INCLUDE_IN_FRAMEWORK_HEADER = YES;
				CLANG_WARN_RANGE_LOOP_ANALYSIS = YES;
				CLANG_WARN_STRICT_PROTOTYPES = YES;
				CLANG_WARN_SUSPICIOUS_MOVE = YES;
				CLANG_WARN_UNGUARDED_AVAILABILITY = YES_AGGRESSIVE;
				CLANG_WARN_UNREACHABLE_CODE = YES;
				CLANG_WARN__DUPLICATE_METHOD_MATCH = YES;
				COPY_PHASE_STRIP = NO;
				DEBUG_INFORMATION_FORMAT = dwarf;
				ENABLE_STRICT_OBJC_MSGSEND = YES;
				ENABLE_TESTABILITY = YES;
				GCC_C_LANGUAGE_STANDARD = gnu11;
				GCC_DYNAMIC_NO_PIC = NO;
				GCC_NO_COMMON_BLOCKS = YES;
				GCC_OPTIMIZATION_LEVEL = 0;
				GCC_PREPROCESSOR_DEFINITIONS = (
					"DEBUG=1",
					"$(inherited)",
				);
				GCC_WARN_64_TO_32_BIT_CONVERSION = YES;
				GCC_WARN_ABOUT_RETURN_TYPE = YES_ERROR;
				GCC_WARN_UNDECLARED_SELECTOR = YES;
				GCC_WARN_UNINITIALIZED_AUTOS = YES_AGGRESSIVE;
				GCC_WARN_UNUSED_FUNCTION = YES;
				GCC_WARN_UNUSED_VARIABLE = YES;
				IPHONEOS_DEPLOYMENT_TARGET = 16.2;
				MTL_ENABLE_DEBUG_INFO = INCLUDE_SOURCE;
				MTL_FAST_MATH = YES;
				ONLY_ACTIVE_ARCH = YES;
				SDKROOT = iphoneos;
				SWIFT_ACTIVE_COMPILATION_CONDITIONS = DEBUG;
				SWIFT_OPTIMIZATION_LEVEL = "-Onone";
			};
			name = Debug;
		};
		AAF56F0B2F44174E0062BA2E /* Release */ = {
			isa = XCBuildConfiguration;
			buildSettings = {
				ALWAYS_SEARCH_USER_PATHS = NO;
				CLANG_ANALYZER_NONNULL = YES;
				CLANG_ANALYZER_NUMBER_OBJECT_CONVERSION = YES_AGGRESSIVE;
				CLANG_CXX_LANGUAGE_STANDARD = "gnu++20";
				CLANG_ENABLE_MODULES = YES;
				CLANG_ENABLE_OBJC_ARC = YES;
				CLANG_ENABLE_OBJC_WEAK = YES;
				CLANG_WARN_BLOCK_CAPTURE_AUTORELEASING = YES;
				CLANG_WARN_BOOL_CONVERSION = YES;
				CLANG_WARN_COMMA = YES;
				CLANG_WARN_CONSTANT_CONVERSION = YES;
				CLANG_WARN_DEPRECATED_OBJC_IMPLEMENTATIONS = YES;
				CLANG_WARN_DIRECT_OBJC_ISA_USAGE = YES_ERROR;
				CLANG_WARN_DOCUMENTATION_COMMENTS = YES;
				CLANG_WARN_EMPTY_BODY = YES;
				CLANG_WARN_ENUM_CONVERSION = YES;
				CLANG_WARN_INFINITE_RECURSION = YES;
				CLANG_WARN_INT_CONVERSION = YES;
				CLANG_WARN_NON_LITERAL_NULL_CONVERSION = YES;
				CLANG_WARN_OBJC_IMPLICIT_RETAIN_SELF = YES;
				CLANG_WARN_OBJC_LITERAL_CONVERSION = YES;
				CLANG_WARN_OBJC_ROOT_CLASS = YES_ERROR;
				CLANG_WARN_QUOTED_INCLUDE_IN_FRAMEWORK_HEADER = YES;
				CLANG_WARN_RANGE_LOOP_ANALYSIS = YES;
				CLANG_WARN_STRICT_PROTOTYPES = YES;
				CLANG_WARN_SUSPICIOUS_MOVE = YES;
				CLANG_WARN_UNGUARDED_AVAILABILITY = YES_AGGRESSIVE;
				CLANG_WARN_UNREACHABLE_CODE = YES;
				CLANG_WARN__DUPLICATE_METHOD_MATCH = YES;
				COPY_PHASE_STRIP = NO;
				DEBUG_INFORMATION_FORMAT = "dwarf-with-dsym";
				ENABLE_NS_ASSERTIONS = NO;
				ENABLE_STRICT_OBJC_MSGSEND = YES;
				GCC_C_LANGUAGE_STANDARD = gnu11;
				GCC_NO_COMMON_BLOCKS = YES;
				GCC_WARN_64_TO_32_BIT_CONVERSION = YES;
				GCC_WARN_ABOUT_RETURN_TYPE = YES_ERROR;
				GCC_WARN_UNDECLARED_SELECTOR = YES;
				GCC_WARN_UNINITIALIZED_AUTOS = YES_AGGRESSIVE;
				GCC_WARN_UNUSED_FUNCTION = YES;
				GCC_WARN_UNUSED_VARIABLE = YES;
				IPHONEOS_DEPLOYMENT_TARGET = 16.2;
				MTL_ENABLE_DEBUG_INFO = NO;
				MTL_FAST_MATH = YES;
				SDKROOT = iphoneos;
				SWIFT_COMPILATION_MODE = wholemodule;
				SWIFT_OPTIMIZATION_LEVEL = "-O";
				VALIDATE_PRODUCT = YES;
			};
			name = Release;
		};
		AAF56F0D2F44174E0062BA2E /* Debug */ = {
			isa = XCBuildConfiguration;
			buildSettings = {
				ASSETCATALOG_COMPILER_APPICON_NAME = AppIcon;
				ASSETCATALOG_COMPILER_GLOBAL_ACCENT_COLOR_NAME = AccentColor;
				CODE_SIGN_STYLE = Automatic;
				CURRENT_PROJECT_VERSION = 1;
				DEVELOPMENT_TEAM = TN23YZT7AC;
				GENERATE_INFOPLIST_FILE = YES;
				INFOPLIST_FILE = DMMSAlerts/Info.plist;
				INFOPLIST_KEY_NSLocationAlwaysAndWhenInUseUsageDescription = "We need your location to alert you of stalls even when the app is in the background.";
				INFOPLIST_KEY_NSLocationWhenInUseUsageDescription = "We need your location to show speed and altitude.";
				INFOPLIST_KEY_UIApplicationSupportsIndirectInputEvents = YES;
				INFOPLIST_KEY_UILaunchStoryboardName = LaunchScreen;
				INFOPLIST_KEY_UIMainStoryboardFile = me;
				INFOPLIST_KEY_UISupportedInterfaceOrientations_iPad = "UIInterfaceOrientationPortrait UIInterfaceOrientationPortraitUpsideDown UIInterfaceOrientationLandscapeLeft UIInterfaceOrientationLandscapeRight";
				INFOPLIST_KEY_UISupportedInterfaceOrientations_iPhone = "UIInterfaceOrientationPortrait UIInterfaceOrientationLandscapeLeft UIInterfaceOrientationLandscapeRight";
				LD_RUNPATH_SEARCH_PATHS = (
					"$(inherited)",
					"@executable_path/Frameworks",
				);
				MARKETING_VERSION = 1.0;
				PRODUCT_BUNDLE_IDENTIFIER = stevokeano.DMMSAlerts.com;
				PRODUCT_NAME = "$(TARGET_NAME)";
				SWIFT_EMIT_LOC_STRINGS = YES;
				SWIFT_VERSION = 5.0;
				TARGETED_DEVICE_FAMILY = "1,2";
			};
			name = Debug;
		};
		AAF56F0E2F44174E0062BA2E /* Release */ = {
			isa = XCBuildConfiguration;
			buildSettings = {
				ASSETCATALOG_COMPILER_APPICON_NAME = AppIcon;
				ASSETCATALOG_COMPILER_GLOBAL_ACCENT_COLOR_NAME = AccentColor;
				CODE_SIGN_STYLE = Automatic;
				CURRENT_PROJECT_VERSION = 1;
				DEVELOPMENT_TEAM = TN23YZT7AC;
				GENERATE_INFOPLIST_FILE = YES;
				INFOPLIST_FILE = DMMSAlerts/Info.plist;
				INFOPLIST_KEY_NSLocationAlwaysAndWhenInUseUsageDescription = "We need your location to alert you of stalls even when the app is in the background.";
				INFOPLIST_KEY_NSLocationWhenInUseUsageDescription = "We need your location to show speed and altitude.";
				INFOPLIST_KEY_UIApplicationSupportsIndirectInputEvents = YES;
				INFOPLIST_KEY_UILaunchStoryboardName = LaunchScreen;
				INFOPLIST_KEY_UIMainStoryboardFile = me;
				INFOPLIST_KEY_UISupportedInterfaceOrientations_iPad = "UIInterfaceOrientationPortrait UIInterfaceOrientationPortraitUpsideDown UIInterfaceOrientationLandscapeLeft UIInterfaceOrientationLandscapeRight";
				INFOPLIST_KEY_UISupportedInterfaceOrientations_iPhone = "UIInterfaceOrientationPortrait UIInterfaceOrientationLandscapeLeft UIInterfaceOrientationLandscapeRight";
				LD_RUNPATH_SEARCH_PATHS = (
					"$(inherited)",
					"@executable_path/Frameworks",
				);
				MARKETING_VERSION = 1.0;
				PRODUCT_BUNDLE_IDENTIFIER = stevokeano.DMMSAlerts.com;
				PRODUCT_NAME = "$(TARGET_NAME)";
				SWIFT_EMIT_LOC_STRINGS = YES;
				SWIFT_VERSION = 5.0;
				TARGETED_DEVICE_FAMILY = "1,2";
			};
			name = Release;
		};
/* End XCBuildConfiguration section */

/* Begin XCConfigurationList section */
		AAF56EF32F4417290062BA2E /* Build configuration list for PBXProject "DMMSAlerts" */ = {
			isa = XCConfigurationList;
			buildConfigurations = (
				AAF56F0A2F44174E0062BA2E /* Debug */,
				AAF56F0B2F44174E0062BA2E /* Release */,
			);
			defaultConfigurationIsVisible = 0;
			defaultConfigurationName = Release;
		};
		AAF56F0C2F44174E0062BA2E /* Build configuration list for PBXNativeTarget "DMMSAlerts" */ = {
			isa = XCConfigurationList;
			buildConfigurations = (
				AAF56F0D2F44174E0062BA2E /* Debug */,
				AAF56F0E2F44174E0062BA2E /* Release */,
			);
			defaultConfigurationIsVisible = 0;
			defaultConfigurationName = Release;
		};
/* End XCConfigurationList section */
	};
	rootObject = AAF56EF02F4417290062BA2E /* Project object */;
}
